// !$*UTF8*$!
{
	archiveVersion = 1;
	classes = {
	};
	objectVersion = 55;
	objects = {

/* Begin PBXBuildFile section */
		DE90FEC527AB01CC00EE2698 /* NewWordsTableViewCell.swift in Sources */ = {isa = PBXBuildFile; fileRef = DE90FEC427AB01CC00EE2698 /* NewWordsTableViewCell.swift */; };
		DE90FEC727AB02D400EE2698 /* KnownWrodsTableViewCell.swift in Sources */ = {isa = PBXBuildFile; fileRef = DE90FEC627AB02D400EE2698 /* KnownWrodsTableViewCell.swift */; };
		DEB9631427A83B410084ED7E /* AppDelegate.swift in Sources */ = {isa = PBXBuildFile; fileRef = DEB9631327A83B410084ED7E /* AppDelegate.swift */; };
		DEB9631627A83B410084ED7E /* SceneDelegate.swift in Sources */ = {isa = PBXBuildFile; fileRef = DEB9631527A83B410084ED7E /* SceneDelegate.swift */; };
		DEB9631B27A83B410084ED7E /* Main.storyboard in Resources */ = {isa = PBXBuildFile; fileRef = DEB9631927A83B410084ED7E /* Main.storyboard */; };
		DEB9631E27A83B410084ED7E /* PR_1.xcdatamodeld in Sources */ = {isa = PBXBuildFile; fileRef = DEB9631C27A83B410084ED7E /* PR_1.xcdatamodeld */; };
		DEB9632027A83B430084ED7E /* Assets.xcassets in Resources */ = {isa = PBXBuildFile; fileRef = DEB9631F27A83B430084ED7E /* Assets.xcassets */; };
		DEB9632327A83B430084ED7E /* LaunchScreen.storyboard in Resources */ = {isa = PBXBuildFile; fileRef = DEB9632127A83B430084ED7E /* LaunchScreen.storyboard */; };
		DEB9632C27A844A90084ED7E /* NewWordsVC.swift in Sources */ = {isa = PBXBuildFile; fileRef = DEB9632B27A844A90084ED7E /* NewWordsVC.swift */; };
		DEB9632E27A844C10084ED7E /* WordsTableVC.swift in Sources */ = {isa = PBXBuildFile; fileRef = DEB9632D27A844C10084ED7E /* WordsTableVC.swift */; };
		DEB9633027A844DC0084ED7E /* KnownWordsVC.swift in Sources */ = {isa = PBXBuildFile; fileRef = DEB9632F27A844DC0084ED7E /* KnownWordsVC.swift */; };
		DEB9633527A8454E0084ED7E /* AddWordVC.swift in Sources */ = {isa = PBXBuildFile; fileRef = DEB9633427A8454E0084ED7E /* AddWordVC.swift */; };
		DEB9633727A847F60084ED7E /* CoreDataManager.swift in Sources */ = {isa = PBXBuildFile; fileRef = DEB9633627A847F60084ED7E /* CoreDataManager.swift */; };
		DEDA187427A9CCAB00764B04 /* WordSTableTableViewCell.swift in Sources */ = {isa = PBXBuildFile; fileRef = DEDA187327A9CCAB00764B04 /* WordSTableTableViewCell.swift */; };
/* End PBXBuildFile section */

/* Begin PBXFileReference section */
		DE90FEC427AB01CC00EE2698 /* NewWordsTableViewCell.swift */ = {isa = PBXFileReference; lastKnownFileType = sourcecode.swift; path = NewWordsTableViewCell.swift; sourceTree = "<group>"; };
		DE90FEC627AB02D400EE2698 /* KnownWrodsTableViewCell.swift */ = {isa = PBXFileReference; lastKnownFileType = sourcecode.swift; path = KnownWrodsTableViewCell.swift; sourceTree = "<group>"; };
		DEB9631027A83B410084ED7E /* PR_2.app */ = {isa = PBXFileReference; explicitFileType = wrapper.application; includeInIndex = 0; path = PR_2.app; sourceTree = BUILT_PRODUCTS_DIR; };
		DEB9631327A83B410084ED7E /* AppDelegate.swift */ = {isa = PBXFileReference; lastKnownFileType = sourcecode.swift; path = AppDelegate.swift; sourceTree = "<group>"; };
		DEB9631527A83B410084ED7E /* SceneDelegate.swift */ = {isa = PBXFileReference; lastKnownFileType = sourcecode.swift; path = SceneDelegate.swift; sourceTree = "<group>"; };
		DEB9631A27A83B410084ED7E /* Base */ = {isa = PBXFileReference; lastKnownFileType = file.storyboard; name = Base; path = Base.lproj/Main.storyboard; sourceTree = "<group>"; };
		DEB9631D27A83B410084ED7E /* PR_1.xcdatamodel */ = {isa = PBXFileReference; lastKnownFileType = wrapper.xcdatamodel; path = PR_1.xcdatamodel; sourceTree = "<group>"; };
		DEB9631F27A83B430084ED7E /* Assets.xcassets */ = {isa = PBXFileReference; lastKnownFileType = folder.assetcatalog; path = Assets.xcassets; sourceTree = "<group>"; };
		DEB9632227A83B430084ED7E /* Base */ = {isa = PBXFileReference; lastKnownFileType = file.storyboard; name = Base; path = Base.lproj/LaunchScreen.storyboard; sourceTree = "<group>"; };
		DEB9632427A83B430084ED7E /* Info.plist */ = {isa = PBXFileReference; lastKnownFileType = text.plist.xml; path = Info.plist; sourceTree = "<group>"; };
		DEB9632B27A844A90084ED7E /* NewWordsVC.swift */ = {isa = PBXFileReference; lastKnownFileType = sourcecode.swift; path = NewWordsVC.swift; sourceTree = "<group>"; };
		DEB9632D27A844C10084ED7E /* WordsTableVC.swift */ = {isa = PBXFileReference; lastKnownFileType = sourcecode.swift; path = WordsTableVC.swift; sourceTree = "<group>"; };
		DEB9632F27A844DC0084ED7E /* KnownWordsVC.swift */ = {isa = PBXFileReference; lastKnownFileType = sourcecode.swift; path = KnownWordsVC.swift; sourceTree = "<group>"; };
		DEB9633427A8454E0084ED7E /* AddWordVC.swift */ = {isa = PBXFileReference; lastKnownFileType = sourcecode.swift; path = AddWordVC.swift; sourceTree = "<group>"; };
		DEB9633627A847F60084ED7E /* CoreDataManager.swift */ = {isa = PBXFileReference; lastKnownFileType = sourcecode.swift; path = CoreDataManager.swift; sourceTree = "<group>"; };
		DEDA187327A9CCAB00764B04 /* WordSTableTableViewCell.swift */ = {isa = PBXFileReference; lastKnownFileType = sourcecode.swift; path = WordSTableTableViewCell.swift; sourceTree = "<group>"; };
/* End PBXFileReference section */

/* Begin PBXFrameworksBuildPhase section */
		DEB9630D27A83B410084ED7E /* Frameworks */ = {
			isa = PBXFrameworksBuildPhase;
			buildActionMask = 2147483647;
			files = (
			);
			runOnlyForDeploymentPostprocessing = 0;
		};
/* End PBXFrameworksBuildPhase section */

/* Begin PBXGroup section */
		DE90FEC127AB014700EE2698 /* KnownWords */ = {
			isa = PBXGroup;
			children = (
				DEB9632F27A844DC0084ED7E /* KnownWordsVC.swift */,
				DE90FEC627AB02D400EE2698 /* KnownWrodsTableViewCell.swift */,
			);
			path = KnownWords;
			sourceTree = "<group>";
		};
		DE90FEC227AB016E00EE2698 /* WordsTable */ = {
			isa = PBXGroup;
			children = (
				DEB9632D27A844C10084ED7E /* WordsTableVC.swift */,
				DEDA187327A9CCAB00764B04 /* WordSTableTableViewCell.swift */,
			);
			path = WordsTable;
			sourceTree = "<group>";
		};
		DE90FEC327AB01B600EE2698 /* NewWords */ = {
			isa = PBXGroup;
			children = (
				DEB9632B27A844A90084ED7E /* NewWordsVC.swift */,
				DE90FEC427AB01CC00EE2698 /* NewWordsTableViewCell.swift */,
			);
			path = NewWords;
			sourceTree = "<group>";
		};
		DEB9630727A83B410084ED7E = {
			isa = PBXGroup;
			children = (
				DEB9631227A83B410084ED7E /* PR_1 */,
				DEB9631127A83B410084ED7E /* Products */,
			);
			sourceTree = "<group>";
		};
		DEB9631127A83B410084ED7E /* Products */ = {
			isa = PBXGroup;
			children = (
				DEB9631027A83B410084ED7E /* PR_2.app */,
			);
			name = Products;
			sourceTree = "<group>";
		};
		DEB9631227A83B410084ED7E /* PR_1 */ = {
			isa = PBXGroup;
			children = (
				DEB9633127A844E90084ED7E /* Model */,
				DEB9632A27A844590084ED7E /* ViewControllers */,
				DEB9631327A83B410084ED7E /* AppDelegate.swift */,
				DEB9631527A83B410084ED7E /* SceneDelegate.swift */,
				DEB9631927A83B410084ED7E /* Main.storyboard */,
				DEB9631F27A83B430084ED7E /* Assets.xcassets */,
				DEB9632127A83B430084ED7E /* LaunchScreen.storyboard */,
				DEB9632427A83B430084ED7E /* Info.plist */,
				DEB9631C27A83B410084ED7E /* PR_1.xcdatamodeld */,
			);
			path = PR_1;
			sourceTree = "<group>";
		};
		DEB9632A27A844590084ED7E /* ViewControllers */ = {
			isa = PBXGroup;
			children = (
				DE90FEC327AB01B600EE2698 /* NewWords */,
				DE90FEC127AB014700EE2698 /* KnownWords */,
				DE90FEC227AB016E00EE2698 /* WordsTable */,
				DEB9633427A8454E0084ED7E /* AddWordVC.swift */,
			);
			path = ViewControllers;
			sourceTree = "<group>";
		};
		DEB9633127A844E90084ED7E /* Model */ = {
			isa = PBXGroup;
			children = (
				DEB9633627A847F60084ED7E /* CoreDataManager.swift */,
			);
			path = Model;
			sourceTree = "<group>";
		};
/* End PBXGroup section */

/* Begin PBXNativeTarget section */
		DEB9630F27A83B410084ED7E /* PR_2 */ = {
			isa = PBXNativeTarget;
			buildConfigurationList = DEB9632727A83B430084ED7E /* Build configuration list for PBXNativeTarget "PR_2" */;
			buildPhases = (
				DEB9630C27A83B410084ED7E /* Sources */,
				DEB9630D27A83B410084ED7E /* Frameworks */,
				DEB9630E27A83B410084ED7E /* Resources */,
			);
			buildRules = (
			);
			dependencies = (
			);
			name = PR_2;
			productName = PR_1;
			productReference = DEB9631027A83B410084ED7E /* PR_2.app */;
			productType = "com.apple.product-type.application";
		};
/* End PBXNativeTarget section */

/* Begin PBXProject section */
		DEB9630827A83B410084ED7E /* Project object */ = {
			isa = PBXProject;
			attributes = {
				BuildIndependentTargetsInParallel = 1;
				LastSwiftUpdateCheck = 1320;
				LastUpgradeCheck = 1320;
				TargetAttributes = {
					DEB9630F27A83B410084ED7E = {
						CreatedOnToolsVersion = 13.2.1;
					};
				};
			};
			buildConfigurationList = DEB9630B27A83B410084ED7E /* Build configuration list for PBXProject "PR_2" */;
			compatibilityVersion = "Xcode 13.0";
			developmentRegion = en;
			hasScannedForEncodings = 0;
			knownRegions = (
				en,
				Base,
			);
			mainGroup = DEB9630727A83B410084ED7E;
			productRefGroup = DEB9631127A83B410084ED7E /* Products */;
			projectDirPath = "";
			projectRoot = "";
			targets = (
				DEB9630F27A83B410084ED7E /* PR_2 */,
			);
		};
/* End PBXProject section */

/* Begin PBXResourcesBuildPhase section */
		DEB9630E27A83B410084ED7E /* Resources */ = {
			isa = PBXResourcesBuildPhase;
			buildActionMask = 2147483647;
			files = (
				DEB9632327A83B430084ED7E /* LaunchScreen.storyboard in Resources */,
				DEB9632027A83B430084ED7E /* Assets.xcassets in Resources */,
				DEB9631B27A83B410084ED7E /* Main.storyboard in Resources */,
			);
			runOnlyForDeploymentPostprocessing = 0;
		};
/* End PBXResourcesBuildPhase section */

/* Begin PBXSourcesBuildPhase section */
		DEB9630C27A83B410084ED7E /* Sources */ = {
			isa = PBXSourcesBuildPhase;
			buildActionMask = 2147483647;
			files = (
				DEB9633527A8454E0084ED7E /* AddWordVC.swift in Sources */,
				DEB9632E27A844C10084ED7E /* WordsTableVC.swift in Sources */,
				DEB9631427A83B410084ED7E /* AppDelegate.swift in Sources */,
				DEB9633027A844DC0084ED7E /* KnownWordsVC.swift in Sources */,
				DE90FEC527AB01CC00EE2698 /* NewWordsTableViewCell.swift in Sources */,
				DEB9631627A83B410084ED7E /* SceneDelegate.swift in Sources */,
				DEB9633727A847F60084ED7E /* CoreDataManager.swift in Sources */,
				DEDA187427A9CCAB00764B04 /* WordSTableTableViewCell.swift in Sources */,
				DEB9631E27A83B410084ED7E /* PR_1.xcdatamodeld in Sources */,
				DE90FEC727AB02D400EE2698 /* KnownWrodsTableViewCell.swift in Sources */,
				DEB9632C27A844A90084ED7E /* NewWordsVC.swift in Sources */,
			);
			runOnlyForDeploymentPostprocessing = 0;
		};
/* End PBXSourcesBuildPhase section */

/* Begin PBXVariantGroup section */
		DEB9631927A83B410084ED7E /* Main.storyboard */ = {
			isa = PBXVariantGroup;
			children = (
				DEB9631A27A83B410084ED7E /* Base */,
			);
			name = Main.storyboard;
			sourceTree = "<group>";
		};
		DEB9632127A83B430084ED7E /* LaunchScreen.storyboard */ = {
			isa = PBXVariantGroup;
			children = (
				DEB9632227A83B430084ED7E /* Base */,
			);
			name = LaunchScreen.storyboard;
			sourceTree = "<group>";
		};
/* End PBXVariantGroup section */

/* Begin XCBuildConfiguration section */
		DEB9632527A83B430084ED7E /* Debug */ = {
			isa = XCBuildConfiguration;
			buildSettings = {
				ALWAYS_SEARCH_USER_PATHS = NO;
				CLANG_ANALYZER_NONNULL = YES;
				CLANG_ANALYZER_NUMBER_OBJECT_CONVERSION = YES_AGGRESSIVE;
				CLANG_CXX_LANGUAGE_STANDARD = "gnu++17";
				CLANG_CXX_LIBRARY = "libc++";
				CLANG_ENABLE_MODULES = YES;
				CLANG_ENABLE_OBJC_ARC = YES;
				CLANG_ENABLE_OBJC_WEAK = YES;
				CLANG_WARN_BLOCK_CAPTURE_AUTORELEASING = YES;
				CLANG_WARN_BOOL_CONVERSION = YES;
				CLANG_WARN_COMMA = YES;
				CLANG_WARN_CONSTANT_CONVERSION = YES;
				CLANG_WARN_DEPRECATED_OBJC_IMPLEMENTATIONS = YES;
				CLANG_WARN_DIRECT_OBJC_ISA_USAGE = YES_ERROR;
				CLANG_WARN_DOCUMENTATION_COMMENTS = YES;
				CLANG_WARN_EMPTY_BODY = YES;
				CLANG_WARN_ENUM_CONVERSION = YES;
				CLANG_WARN_INFINITE_RECURSION = YES;
				CLANG_WARN_INT_CONVERSION = YES;
				CLANG_WARN_NON_LITERAL_NULL_CONVERSION = YES;
				CLANG_WARN_OBJC_IMPLICIT_RETAIN_SELF = YES;
				CLANG_WARN_OBJC_LITERAL_CONVERSION = YES;
				CLANG_WARN_OBJC_ROOT_CLASS = YES_ERROR;
				CLANG_WARN_QUOTED_INCLUDE_IN_FRAMEWORK_HEADER = YES;
				CLANG_WARN_RANGE_LOOP_ANALYSIS = YES;
				CLANG_WARN_STRICT_PROTOTYPES = YES;
				CLANG_WARN_SUSPICIOUS_MOVE = YES;
				CLANG_WARN_UNGUARDED_AVAILABILITY = YES_AGGRESSIVE;
				CLANG_WARN_UNREACHABLE_CODE = YES;
				CLANG_WARN__DUPLICATE_METHOD_MATCH = YES;
				COPY_PHASE_STRIP = NO;
				DEBUG_INFORMATION_FORMAT = dwarf;
				ENABLE_STRICT_OBJC_MSGSEND = YES;
				ENABLE_TESTABILITY = YES;
				GCC_C_LANGUAGE_STANDARD = gnu11;
				GCC_DYNAMIC_NO_PIC = NO;
				GCC_NO_COMMON_BLOCKS = YES;
				GCC_OPTIMIZATION_LEVEL = 0;
				GCC_PREPROCESSOR_DEFINITIONS = (
					"DEBUG=1",
					"$(inherited)",
				);
				GCC_WARN_64_TO_32_BIT_CONVERSION = YES;
				GCC_WARN_ABOUT_RETURN_TYPE = YES_ERROR;
				GCC_WARN_UNDECLARED_SELECTOR = YES;
				GCC_WARN_UNINITIALIZED_AUTOS = YES_AGGRESSIVE;
				GCC_WARN_UNUSED_FUNCTION = YES;
				GCC_WARN_UNUSED_VARIABLE = YES;
				IPHONEOS_DEPLOYMENT_TARGET = 15.2;
				MTL_ENABLE_DEBUG_INFO = INCLUDE_SOURCE;
				MTL_FAST_MATH = YES;
				ONLY_ACTIVE_ARCH = YES;
				SDKROOT = iphoneos;
				SWIFT_ACTIVE_COMPILATION_CONDITIONS = DEBUG;
				SWIFT_OPTIMIZATION_LEVEL = "-Onone";
			};
			name = Debug;
		};
		DEB9632627A83B430084ED7E /* Release */ = {
			isa = XCBuildConfiguration;
			buildSettings = {
				ALWAYS_SEARCH_USER_PATHS = NO;
				CLANG_ANALYZER_NONNULL = YES;
				CLANG_ANALYZER_NUMBER_OBJECT_CONVERSION = YES_AGGRESSIVE;
				CLANG_CXX_LANGUAGE_STANDARD = "gnu++17";
				CLANG_CXX_LIBRARY = "libc++";
				CLANG_ENABLE_MODULES = YES;
				CLANG_ENABLE_OBJC_ARC = YES;
				CLANG_ENABLE_OBJC_WEAK = YES;
				CLANG_WARN_BLOCK_CAPTURE_AUTORELEASING = YES;
				CLANG_WARN_BOOL_CONVERSION = YES;
				CLANG_WARN_COMMA = YES;
				CLANG_WARN_CONSTANT_CONVERSION = YES;
				CLANG_WARN_DEPRECATED_OBJC_IMPLEMENTATIONS = YES;
				CLANG_WARN_DIRECT_OBJC_ISA_USAGE = YES_ERROR;
				CLANG_WARN_DOCUMENTATION_COMMENTS = YES;
				CLANG_WARN_EMPTY_BODY = YES;
				CLANG_WARN_ENUM_CONVERSION = YES;
				CLANG_WARN_INFINITE_RECURSION = YES;
				CLANG_WARN_INT_CONVERSION = YES;
				CLANG_WARN_NON_LITERAL_NULL_CONVERSION = YES;
				CLANG_WARN_OBJC_IMPLICIT_RETAIN_SELF = YES;
				CLANG_WARN_OBJC_LITERAL_CONVERSION = YES;
				CLANG_WARN_OBJC_ROOT_CLASS = YES_ERROR;
				CLANG_WARN_QUOTED_INCLUDE_IN_FRAMEWORK_HEADER = YES;
				CLANG_WARN_RANGE_LOOP_ANALYSIS = YES;
				CLANG_WARN_STRICT_PROTOTYPES = YES;
				CLANG_WARN_SUSPICIOUS_MOVE = YES;
				CLANG_WARN_UNGUARDED_AVAILABILITY = YES_AGGRESSIVE;
				CLANG_WARN_UNREACHABLE_CODE = YES;
				CLANG_WARN__DUPLICATE_METHOD_MATCH = YES;
				COPY_PHASE_STRIP = NO;
				DEBUG_INFORMATION_FORMAT = "dwarf-with-dsym";
				ENABLE_NS_ASSERTIONS = NO;
				ENABLE_STRICT_OBJC_MSGSEND = YES;
				GCC_C_LANGUAGE_STANDARD = gnu11;
				GCC_NO_COMMON_BLOCKS = YES;
				GCC_WARN_64_TO_32_BIT_CONVERSION = YES;
				GCC_WARN_ABOUT_RETURN_TYPE = YES_ERROR;
				GCC_WARN_UNDECLARED_SELECTOR = YES;
				GCC_WARN_UNINITIALIZED_AUTOS = YES_AGGRESSIVE;
				GCC_WARN_UNUSED_FUNCTION = YES;
				GCC_WARN_UNUSED_VARIABLE = YES;
				IPHONEOS_DEPLOYMENT_TARGET = 15.2;
				MTL_ENABLE_DEBUG_INFO = NO;
				MTL_FAST_MATH = YES;
				SDKROOT = iphoneos;
				SWIFT_COMPILATION_MODE = wholemodule;
				SWIFT_OPTIMIZATION_LEVEL = "-O";
				VALIDATE_PRODUCT = YES;
			};
			name = Release;
		};
		DEB9632827A83B430084ED7E /* Debug */ = {
			isa = XCBuildConfiguration;
			buildSettings = {
				ASSETCATALOG_COMPILER_APPICON_NAME = AppIcon;
				ASSETCATALOG_COMPILER_GLOBAL_ACCENT_COLOR_NAME = AccentColor;
				CODE_SIGN_STYLE = Automatic;
				CURRENT_PROJECT_VERSION = 1;
				GENERATE_INFOPLIST_FILE = YES;
				INFOPLIST_FILE = PR_1/Info.plist;
				INFOPLIST_KEY_UIApplicationSupportsIndirectInputEvents = YES;
				INFOPLIST_KEY_UILaunchStoryboardName = LaunchScreen;
				INFOPLIST_KEY_UIMainStoryboardFile = Main;
				INFOPLIST_KEY_UISupportedInterfaceOrientations_iPad = "UIInterfaceOrientationPortrait UIInterfaceOrientationPortraitUpsideDown UIInterfaceOrientationLandscapeLeft UIInterfaceOrientationLandscapeRight";
				INFOPLIST_KEY_UISupportedInterfaceOrientations_iPhone = "UIInterfaceOrientationPortrait UIInterfaceOrientationLandscapeLeft UIInterfaceOrientationLandscapeRight";
				LD_RUNPATH_SEARCH_PATHS = (
					"$(inherited)",
					"@executable_path/Frameworks",
				);
				MARKETING_VERSION = 1.0;
				PRODUCT_BUNDLE_IDENTIFIER = "-.PR-1";
				PRODUCT_NAME = "$(TARGET_NAME)";
				SWIFT_EMIT_LOC_STRINGS = YES;
				SWIFT_VERSION = 5.0;
				TARGETED_DEVICE_FAMILY = "1,2";
			};
			name = Debug;
		};
		DEB9632927A83B430084ED7E /* Release */ = {
			isa = XCBuildConfiguration;
			buildSettings = {
				ASSETCATALOG_COMPILER_APPICON_NAME = AppIcon;
				ASSETCATALOG_COMPILER_GLOBAL_ACCENT_COLOR_NAME = AccentColor;
				CODE_SIGN_STYLE = Automatic;
				CURRENT_PROJECT_VERSION = 1;
				GENERATE_INFOPLIST_FILE = YES;
				INFOPLIST_FILE = PR_1/Info.plist;
				INFOPLIST_KEY_UIApplicationSupportsIndirectInputEvents = YES;
				INFOPLIST_KEY_UILaunchStoryboardName = LaunchScreen;
				INFOPLIST_KEY_UIMainStoryboardFile = Main;
				INFOPLIST_KEY_UISupportedInterfaceOrientations_iPad = "UIInterfaceOrientationPortrait UIInterfaceOrientationPortraitUpsideDown UIInterfaceOrientationLandscapeLeft UIInterfaceOrientationLandscapeRight";
				INFOPLIST_KEY_UISupportedInterfaceOrientations_iPhone = "UIInterfaceOrientationPortrait UIInterfaceOrientationLandscapeLeft UIInterfaceOrientationLandscapeRight";
				LD_RUNPATH_SEARCH_PATHS = (
					"$(inherited)",
					"@executable_path/Frameworks",
				);
				MARKETING_VERSION = 1.0;
				PRODUCT_BUNDLE_IDENTIFIER = "-.PR-1";
				PRODUCT_NAME = "$(TARGET_NAME)";
				SWIFT_EMIT_LOC_STRINGS = YES;
				SWIFT_VERSION = 5.0;
				TARGETED_DEVICE_FAMILY = "1,2";
			};
			name = Release;
		};
/* End XCBuildConfiguration section */

/* Begin XCConfigurationList section */
		DEB9630B27A83B410084ED7E /* Build configuration list for PBXProject "PR_2" */ = {
			isa = XCConfigurationList;
			buildConfigurations = (
				DEB9632527A83B430084ED7E /* Debug */,
				DEB9632627A83B430084ED7E /* Release */,
			);
			defaultConfigurationIsVisible = 0;
			defaultConfigurationName = Release;
		};
		DEB9632727A83B430084ED7E /* Build configuration list for PBXNativeTarget "PR_2" */ = {
			isa = XCConfigurationList;
			buildConfigurations = (
				DEB9632827A83B430084ED7E /* Debug */,
				DEB9632927A83B430084ED7E /* Release */,
			);
			defaultConfigurationIsVisible = 0;
			defaultConfigurationName = Release;
		};
/* End XCConfigurationList section */

/* Begin XCVersionGroup section */
		DEB9631C27A83B410084ED7E /* PR_1.xcdatamodeld */ = {
			isa = XCVersionGroup;
			children = (
				DEB9631D27A83B410084ED7E /* PR_1.xcdatamodel */,
			);
			currentVersion = DEB9631D27A83B410084ED7E /* PR_1.xcdatamodel */;
			path = PR_1.xcdatamodeld;
			sourceTree = "<group>";
			versionGroupType = wrapper.xcdatamodel;
		};
/* End XCVersionGroup section */
	};
	rootObject = DEB9630827A83B410084ED7E /* Project object */;
}
